{
  "name": "lambda_flowrmula1",
  "version": "1.0.0",
  "lockfileVersion": 1,
  "requires": true,
  "dependencies": {
    "ansi": {
      "version": "0.3.1",
      "resolved": "https://registry.npmjs.org/ansi/-/ansi-0.3.1.tgz",
      "integrity": "sha1-DELU+xcWDVqa8eSEus4cZpIsGyE="
    },
    "axel": {
      "version": "0.0.3",
      "resolved": "https://registry.npmjs.org/axel/-/axel-0.0.3.tgz",
      "integrity": "sha1-dMj3XTfYKvZl6AMKE9OjbNoAEhU=",
      "requires": {
        "ansi": "^0.3.0"
      }
    }
  }
}
